
Microsoft Visual Studio Solution File, Format Version 12.00
# Visual Studio 15
VisualStudioVersion = 15.0.27004.2006
MinimumVisualStudioVersion = 10.0.40219.1
Project("{9A19103F-16F7-4668-BE54-9A1E7A4F7556}") = "surging.test", "surging.test.csproj", "{E0BC90AB-E774-4811-97CB-8CA753005C2D}"
EndProject
Project("{2150E333-8FDC-42A3-9474-1A3956D46DE8}") = "Services", "Services", "{B7206F41-1A7C-459B-B3A6-1034E5A76568}"
EndProject
Project("{2150E333-8FDC-42A3-9474-1A3956D46DE8}") = "IModuleServices", "IModuleServices", "{93185C8B-01FE-4804-9DE2-5B7C6CE361F9}"
EndProject
Project("{2150E333-8FDC-42A3-9474-1A3956D46DE8}") = "Modules", "Modules", "{9F3805FD-081D-458C-8834-43062E265578}"
EndProject
Global
	GlobalSection(SolutionConfigurationPlatforms) = preSolution
		Debug|Any CPU = Debug|Any CPU
		Release|Any CPU = Release|Any CPU
	EndGlobalSection
	GlobalSection(ProjectConfigurationPlatforms) = postSolution
		{E0BC90AB-E774-4811-97CB-8CA753005C2D}.Debug|Any CPU.ActiveCfg = Debug|Any CPU
		{E0BC90AB-E774-4811-97CB-8CA753005C2D}.Debug|Any CPU.Build.0 = Debug|Any CPU
		{E0BC90AB-E774-4811-97CB-8CA753005C2D}.Release|Any CPU.ActiveCfg = Release|Any CPU
		{E0BC90AB-E774-4811-97CB-8CA753005C2D}.Release|Any CPU.Build.0 = Release|Any CPU
	EndGlobalSection
	GlobalSection(SolutionProperties) = preSolution
		HideSolutionNode = FALSE
	EndGlobalSection
	GlobalSection(ExtensibilityGlobals) = postSolution
		SolutionGuid = {BF7952C8-B6D3-4CE7-B748-86C1E705F3CE}
	EndGlobalSection
EndGlobal
